
Microsoft Visual Studio Solution File, Format Version 12.00
# Visual Studio Version 17
VisualStudioVersion = 17.14.37027.9 d17.14
MinimumVisualStudioVersion = 10.0.40219.1
Project("{FAE04EC0-301F-11D3-BF4B-00C04F79EFBC}") = "Win11SecurityHardeningManager", "Win11SecurityHardeningManager.csproj", "{F1CF126A-056D-23EF-81E9-17B0BD1196C1}"
EndProject
Global
	GlobalSection(SolutionConfigurationPlatforms) = preSolution
		Debug|Any CPU = Debug|Any CPU
		Release|Any CPU = Release|Any CPU
	EndGlobalSection
	GlobalSection(ProjectConfigurationPlatforms) = postSolution
		{F1CF126A-056D-23EF-81E9-17B0BD1196C1}.Debug|Any CPU.ActiveCfg = Debug|Any CPU
		{F1CF126A-056D-23EF-81E9-17B0BD1196C1}.Debug|Any CPU.Build.0 = Debug|Any CPU
		{F1CF126A-056D-23EF-81E9-17B0BD1196C1}.Release|Any CPU.ActiveCfg = Release|Any CPU
		{F1CF126A-056D-23EF-81E9-17B0BD1196C1}.Release|Any CPU.Build.0 = Release|Any CPU
	EndGlobalSection
	GlobalSection(SolutionProperties) = preSolution
		HideSolutionNode = FALSE
	EndGlobalSection
	GlobalSection(ExtensibilityGlobals) = postSolution
		SolutionGuid = {7C48FEF0-AB6C-40FA-8202-9FCA35DC4FBD}
	EndGlobalSection
EndGlobal
